
Microsoft Visual Studio Solution File, Format Version 12.00
# Visual Studio 15
VisualStudioVersion = 15.0.26730.15
MinimumVisualStudioVersion = 10.0.40219.1
Project("{FAE04EC0-301F-11D3-BF4B-00C04F79EFBC}") = "Server", "CoreServer\Server.csproj", "{477894A2-F4CE-4464-93CF-BCC987870814}"
EndProject
Project("{FAE04EC0-301F-11D3-BF4B-00C04F79EFBC}") = "Server.Physic", "Server.Physic\Server.Physic.csproj", "{0FC16ABE-CA49-4970-8289-D2844EA371CE}"
EndProject
Project("{FAE04EC0-301F-11D3-BF4B-00C04F79EFBC}") = "Server.Message", "Server.Message\Server.Message.csproj", "{4670B75C-C493-47B9-8E16-378337B9A625}"
EndProject
Project("{FAE04EC0-301F-11D3-BF4B-00C04F79EFBC}") = "MServer", "MServer\MServer.csproj", "{0711CA82-B9A2-4541-8AF3-D986008A31C1}"
EndProject
Project("{FAE04EC0-301F-11D3-BF4B-00C04F79EFBC}") = "Client", "Client\Client.csproj", "{01F76C7D-E811-45E1-B133-E8C19D845DF4}"
EndProject
Project("{FAE04EC0-301F-11D3-BF4B-00C04F79EFBC}") = "WebServerApp", "WebServerApp\WebServerApp.csproj", "{9D378DD7-6F74-4816-9E15-007AB782C2A9}"
EndProject
Global
	GlobalSection(SolutionConfigurationPlatforms) = preSolution
		Debug|Any CPU = Debug|Any CPU
		Release|Any CPU = Release|Any CPU
	EndGlobalSection
	GlobalSection(ProjectConfigurationPlatforms) = postSolution
		{477894A2-F4CE-4464-93CF-BCC987870814}.Debug|Any CPU.ActiveCfg = Debug|Any CPU
		{477894A2-F4CE-4464-93CF-BCC987870814}.Debug|Any CPU.Build.0 = Debug|Any CPU
		{477894A2-F4CE-4464-93CF-BCC987870814}.Release|Any CPU.ActiveCfg = Release|Any CPU
		{477894A2-F4CE-4464-93CF-BCC987870814}.Release|Any CPU.Build.0 = Release|Any CPU
		{0FC16ABE-CA49-4970-8289-D2844EA371CE}.Debug|Any CPU.ActiveCfg = Debug|Any CPU
		{0FC16ABE-CA49-4970-8289-D2844EA371CE}.Debug|Any CPU.Build.0 = Debug|Any CPU
		{0FC16ABE-CA49-4970-8289-D2844EA371CE}.Release|Any CPU.ActiveCfg = Release|Any CPU
		{0FC16ABE-CA49-4970-8289-D2844EA371CE}.Release|Any CPU.Build.0 = Release|Any CPU
		{4670B75C-C493-47B9-8E16-378337B9A625}.Debug|Any CPU.ActiveCfg = Debug|Any CPU
		{4670B75C-C493-47B9-8E16-378337B9A625}.Debug|Any CPU.Build.0 = Debug|Any CPU
		{4670B75C-C493-47B9-8E16-378337B9A625}.Release|Any CPU.ActiveCfg = Release|Any CPU
		{4670B75C-C493-47B9-8E16-378337B9A625}.Release|Any CPU.Build.0 = Release|Any CPU
		{0711CA82-B9A2-4541-8AF3-D986008A31C1}.Debug|Any CPU.ActiveCfg = Debug|Any CPU
		{0711CA82-B9A2-4541-8AF3-D986008A31C1}.Debug|Any CPU.Build.0 = Debug|Any CPU
		{0711CA82-B9A2-4541-8AF3-D986008A31C1}.Release|Any CPU.ActiveCfg = Release|Any CPU
		{0711CA82-B9A2-4541-8AF3-D986008A31C1}.Release|Any CPU.Build.0 = Release|Any CPU
		{01F76C7D-E811-45E1-B133-E8C19D845DF4}.Debug|Any CPU.ActiveCfg = Debug|Any CPU
		{01F76C7D-E811-45E1-B133-E8C19D845DF4}.Debug|Any CPU.Build.0 = Debug|Any CPU
		{01F76C7D-E811-45E1-B133-E8C19D845DF4}.Release|Any CPU.ActiveCfg = Release|Any CPU
		{01F76C7D-E811-45E1-B133-E8C19D845DF4}.Release|Any CPU.Build.0 = Release|Any CPU
		{9D378DD7-6F74-4816-9E15-007AB782C2A9}.Debug|Any CPU.ActiveCfg = Debug|Any CPU
		{9D378DD7-6F74-4816-9E15-007AB782C2A9}.Debug|Any CPU.Build.0 = Debug|Any CPU
		{9D378DD7-6F74-4816-9E15-007AB782C2A9}.Release|Any CPU.ActiveCfg = Release|Any CPU
		{9D378DD7-6F74-4816-9E15-007AB782C2A9}.Release|Any CPU.Build.0 = Release|Any CPU
	EndGlobalSection
	GlobalSection(SolutionProperties) = preSolution
		HideSolutionNode = FALSE
	EndGlobalSection
	GlobalSection(ExtensibilityGlobals) = postSolution
		SolutionGuid = {BC698409-AF23-48F9-BC0F-11CCB7AD36A2}
	EndGlobalSection
EndGlobal
